
Microsoft Visual Studio Solution File, Format Version 12.00
# Visual Studio 15
VisualStudioVersion = 15.0.28307.489
MinimumVisualStudioVersion = 10.0.40219.1
Project("{888888A0-9F3D-457C-B088-3A5042F75D52}") = "pixiv_bot_ver2", "pixiv_bot_ver2\pixiv_bot_ver2.pyproj", "{CDF00970-B15C-4552-9D11-B0D5620DC8BC}"
EndProject
Global
	GlobalSection(SolutionConfigurationPlatforms) = preSolution
		Debug|Any CPU = Debug|Any CPU
		Release|Any CPU = Release|Any CPU
	EndGlobalSection
	GlobalSection(ProjectConfigurationPlatforms) = postSolution
		{CDF00970-B15C-4552-9D11-B0D5620DC8BC}.Debug|Any CPU.ActiveCfg = Debug|Any CPU
		{CDF00970-B15C-4552-9D11-B0D5620DC8BC}.Release|Any CPU.ActiveCfg = Release|Any CPU
	EndGlobalSection
	GlobalSection(SolutionProperties) = preSolution
		HideSolutionNode = FALSE
	EndGlobalSection
	GlobalSection(ExtensibilityGlobals) = postSolution
		SolutionGuid = {CEE14285-F543-4D75-931A-0ADC3147B6EC}
	EndGlobalSection
EndGlobal
